
Microsoft Visual Studio Solution File, Format Version 12.00
# Visual Studio Version 17
VisualStudioVersion = 17.1.32414.318
MinimumVisualStudioVersion = 10.0.40219.1
Project("{9A19103F-16F7-4668-BE54-9A1E7A4F7556}") = "BookApplication", "BookApplication\BookApplication.csproj", "{E32A06D6-FDEE-4192-A0D5-64191187C97E}"
EndProject
Project("{FAE04EC0-301F-11D3-BF4B-00C04F79EFBC}") = "BookServices", "BookService\BookServices.csproj", "{138FF1F6-BE77-4916-8025-B68578FEAB2B}"
EndProject
Project("{FAE04EC0-301F-11D3-BF4B-00C04F79EFBC}") = "Entities", "Entities\Entities.csproj", "{7EDB87D6-0247-464A-94BF-851F555E5E58}"
EndProject
Project("{FAE04EC0-301F-11D3-BF4B-00C04F79EFBC}") = "BookTest", "BookTest\BookTest.csproj", "{376A8FCF-3744-4C59-A357-FF416C4ED825}"
EndProject
Global
	GlobalSection(SolutionConfigurationPlatforms) = preSolution
		Debug|Any CPU = Debug|Any CPU
		Release|Any CPU = Release|Any CPU
	EndGlobalSection
	GlobalSection(ProjectConfigurationPlatforms) = postSolution
		{E32A06D6-FDEE-4192-A0D5-64191187C97E}.Debug|Any CPU.ActiveCfg = Debug|Any CPU
		{E32A06D6-FDEE-4192-A0D5-64191187C97E}.Debug|Any CPU.Build.0 = Debug|Any CPU
		{E32A06D6-FDEE-4192-A0D5-64191187C97E}.Release|Any CPU.ActiveCfg = Release|Any CPU
		{E32A06D6-FDEE-4192-A0D5-64191187C97E}.Release|Any CPU.Build.0 = Release|Any CPU
		{138FF1F6-BE77-4916-8025-B68578FEAB2B}.Debug|Any CPU.ActiveCfg = Debug|Any CPU
		{138FF1F6-BE77-4916-8025-B68578FEAB2B}.Debug|Any CPU.Build.0 = Debug|Any CPU
		{138FF1F6-BE77-4916-8025-B68578FEAB2B}.Release|Any CPU.ActiveCfg = Release|Any CPU
		{138FF1F6-BE77-4916-8025-B68578FEAB2B}.Release|Any CPU.Build.0 = Release|Any CPU
		{7EDB87D6-0247-464A-94BF-851F555E5E58}.Debug|Any CPU.ActiveCfg = Debug|Any CPU
		{7EDB87D6-0247-464A-94BF-851F555E5E58}.Debug|Any CPU.Build.0 = Debug|Any CPU
		{7EDB87D6-0247-464A-94BF-851F555E5E58}.Release|Any CPU.ActiveCfg = Release|Any CPU
		{7EDB87D6-0247-464A-94BF-851F555E5E58}.Release|Any CPU.Build.0 = Release|Any CPU
		{376A8FCF-3744-4C59-A357-FF416C4ED825}.Debug|Any CPU.ActiveCfg = Debug|Any CPU
		{376A8FCF-3744-4C59-A357-FF416C4ED825}.Debug|Any CPU.Build.0 = Debug|Any CPU
		{376A8FCF-3744-4C59-A357-FF416C4ED825}.Release|Any CPU.ActiveCfg = Release|Any CPU
		{376A8FCF-3744-4C59-A357-FF416C4ED825}.Release|Any CPU.Build.0 = Release|Any CPU
	EndGlobalSection
	GlobalSection(SolutionProperties) = preSolution
		HideSolutionNode = FALSE
	EndGlobalSection
	GlobalSection(ExtensibilityGlobals) = postSolution
		SolutionGuid = {94A02BBC-3D24-4428-9986-548305F8C76D}
	EndGlobalSection
EndGlobal
